
Microsoft Visual Studio Solution File, Format Version 12.00
# Visual Studio Version 17
VisualStudioVersion = 17.14.36623.8
MinimumVisualStudioVersion = 10.0.40219.1
Project("{FAE04EC0-301F-11D3-BF4B-00C04F79EFBC}") = "Çiçeksepeti Order Peek", "Çiçeksepeti Order Peek\Çiçeksepeti Order Peek.csproj", "{91C6D6E8-C2F4-4D3E-A47C-F7BD5D01C51D}"
EndProject
Global
	GlobalSection(SolutionConfigurationPlatforms) = preSolution
		Debug|Any CPU = Debug|Any CPU
		Release|Any CPU = Release|Any CPU
	EndGlobalSection
	GlobalSection(ProjectConfigurationPlatforms) = postSolution
		{91C6D6E8-C2F4-4D3E-A47C-F7BD5D01C51D}.Debug|Any CPU.ActiveCfg = Debug|Any CPU
		{91C6D6E8-C2F4-4D3E-A47C-F7BD5D01C51D}.Debug|Any CPU.Build.0 = Debug|Any CPU
		{91C6D6E8-C2F4-4D3E-A47C-F7BD5D01C51D}.Release|Any CPU.ActiveCfg = Release|Any CPU
		{91C6D6E8-C2F4-4D3E-A47C-F7BD5D01C51D}.Release|Any CPU.Build.0 = Release|Any CPU
	EndGlobalSection
	GlobalSection(SolutionProperties) = preSolution
		HideSolutionNode = FALSE
	EndGlobalSection
	GlobalSection(ExtensibilityGlobals) = postSolution
		SolutionGuid = {DF1D2260-5660-4254-BDC3-520A0C8ADB80}
	EndGlobalSection
EndGlobal
